
Microsoft Visual Studio Solution File, Format Version 12.00
# Visual Studio Version 17
VisualStudioVersion = 17.13.35913.81
MinimumVisualStudioVersion = 10.0.40219.1
Project("{FAE04EC0-301F-11D3-BF4B-00C04F79EFBC}") = "Lab4", "Lab4.csproj", "{40A8CAD2-D9BA-0BEA-07CD-D6724A662D7E}"
EndProject
Global
	GlobalSection(SolutionConfigurationPlatforms) = preSolution
		Debug|Any CPU = Debug|Any CPU
		Release|Any CPU = Release|Any CPU
	EndGlobalSection
	GlobalSection(ProjectConfigurationPlatforms) = postSolution
		{40A8CAD2-D9BA-0BEA-07CD-D6724A662D7E}.Debug|Any CPU.ActiveCfg = Debug|Any CPU
		{40A8CAD2-D9BA-0BEA-07CD-D6724A662D7E}.Debug|Any CPU.Build.0 = Debug|Any CPU
		{40A8CAD2-D9BA-0BEA-07CD-D6724A662D7E}.Release|Any CPU.ActiveCfg = Release|Any CPU
		{40A8CAD2-D9BA-0BEA-07CD-D6724A662D7E}.Release|Any CPU.Build.0 = Release|Any CPU
	EndGlobalSection
	GlobalSection(SolutionProperties) = preSolution
		HideSolutionNode = FALSE
	EndGlobalSection
	GlobalSection(ExtensibilityGlobals) = postSolution
		SolutionGuid = {8AAC980F-C68C-4240-9F67-62D12DD1C250}
	EndGlobalSection
EndGlobal
